
Microsoft Visual Studio Solution File, Format Version 12.00
# Visual Studio 15
VisualStudioVersion = 15.0.26403.0
MinimumVisualStudioVersion = 10.0.40219.1
Project("{FAE04EC0-301F-11D3-BF4B-00C04F79EFBC}") = "SEGUNDOPARCIAL", "SEGUNDOPARCIAL\SEGUNDOPARCIAL.csproj", "{527D3509-D515-4CC9-90C0-4717B3AC2796}"
EndProject
Global
	GlobalSection(SolutionConfigurationPlatforms) = preSolution
		Debug|Any CPU = Debug|Any CPU
		Release|Any CPU = Release|Any CPU
	EndGlobalSection
	GlobalSection(ProjectConfigurationPlatforms) = postSolution
		{527D3509-D515-4CC9-90C0-4717B3AC2796}.Debug|Any CPU.ActiveCfg = Debug|Any CPU
		{527D3509-D515-4CC9-90C0-4717B3AC2796}.Debug|Any CPU.Build.0 = Debug|Any CPU
		{527D3509-D515-4CC9-90C0-4717B3AC2796}.Release|Any CPU.ActiveCfg = Release|Any CPU
		{527D3509-D515-4CC9-90C0-4717B3AC2796}.Release|Any CPU.Build.0 = Release|Any CPU
	EndGlobalSection
	GlobalSection(SolutionProperties) = preSolution
		HideSolutionNode = FALSE
	EndGlobalSection
EndGlobal
